
Microsoft Visual Studio Solution File, Format Version 11.00
# Visual Studio 2010
Project("{FAE04EC0-301F-11D3-BF4B-00C04F79EFBC}") = "TasksDevite", "TasksDevite\TasksDevite.csproj", "{B061628E-E913-4ABF-A5AA-2CD2D6DDE752}"
EndProject
Global
	GlobalSection(SolutionConfigurationPlatforms) = preSolution
		Debug|x86 = Debug|x86
		Release|x86 = Release|x86
	EndGlobalSection
	GlobalSection(ProjectConfigurationPlatforms) = postSolution
		{B061628E-E913-4ABF-A5AA-2CD2D6DDE752}.Debug|x86.ActiveCfg = Debug|x86
		{B061628E-E913-4ABF-A5AA-2CD2D6DDE752}.Debug|x86.Build.0 = Debug|x86
		{B061628E-E913-4ABF-A5AA-2CD2D6DDE752}.Release|x86.ActiveCfg = Release|x86
		{B061628E-E913-4ABF-A5AA-2CD2D6DDE752}.Release|x86.Build.0 = Release|x86
	EndGlobalSection
	GlobalSection(SolutionProperties) = preSolution
		HideSolutionNode = FALSE
	EndGlobalSection
EndGlobal
